
Microsoft Visual Studio Solution File, Format Version 12.00
# Visual Studio 15
VisualStudioVersion = 15.0.28307.421
MinimumVisualStudioVersion = 10.0.40219.1
Project("{FAE04EC0-301F-11D3-BF4B-00C04F79EFBC}") = "HelloGlide.Android", "HelloGlide\HelloGlide.Android\HelloGlide.Android.csproj", "{6B621EC6-60B8-4CB2-BF15-868D76BC329C}"
EndProject
Project("{FAE04EC0-301F-11D3-BF4B-00C04F79EFBC}") = "HelloGlide", "HelloGlide\HelloGlide\HelloGlide.csproj", "{409D0CCB-4C14-4CC0-AA8F-8D6753EF92CC}"
EndProject
Global
	GlobalSection(SolutionConfigurationPlatforms) = preSolution
		Debug|Any CPU = Debug|Any CPU
		Release|Any CPU = Release|Any CPU
	EndGlobalSection
	GlobalSection(ProjectConfigurationPlatforms) = postSolution
		{6B621EC6-60B8-4CB2-BF15-868D76BC329C}.Debug|Any CPU.ActiveCfg = Debug|Any CPU
		{6B621EC6-60B8-4CB2-BF15-868D76BC329C}.Debug|Any CPU.Build.0 = Debug|Any CPU
		{6B621EC6-60B8-4CB2-BF15-868D76BC329C}.Debug|Any CPU.Deploy.0 = Debug|Any CPU
		{6B621EC6-60B8-4CB2-BF15-868D76BC329C}.Release|Any CPU.ActiveCfg = Release|Any CPU
		{6B621EC6-60B8-4CB2-BF15-868D76BC329C}.Release|Any CPU.Build.0 = Release|Any CPU
		{6B621EC6-60B8-4CB2-BF15-868D76BC329C}.Release|Any CPU.Deploy.0 = Release|Any CPU
		{409D0CCB-4C14-4CC0-AA8F-8D6753EF92CC}.Debug|Any CPU.ActiveCfg = Debug|Any CPU
		{409D0CCB-4C14-4CC0-AA8F-8D6753EF92CC}.Debug|Any CPU.Build.0 = Debug|Any CPU
		{409D0CCB-4C14-4CC0-AA8F-8D6753EF92CC}.Release|Any CPU.ActiveCfg = Release|Any CPU
		{409D0CCB-4C14-4CC0-AA8F-8D6753EF92CC}.Release|Any CPU.Build.0 = Release|Any CPU
	EndGlobalSection
	GlobalSection(SolutionProperties) = preSolution
		HideSolutionNode = FALSE
	EndGlobalSection
	GlobalSection(ExtensibilityGlobals) = postSolution
		SolutionGuid = {03B25484-600D-4FBE-9A7B-26496ACC9C37}
	EndGlobalSection
EndGlobal
